Microsoft Visual Studio Solution File, Format Version 12.00
# Visual Studio Version 17
VisualStudioVersion = 17.5.2.0
MinimumVisualStudioVersion = 10.0.40219.1
Project("{FAE04EC0-301F-11D3-BF4B-00C04F79EFBC}") = "LibraryManagementApp", "LibraryManagementApp.csproj", "{A6FF3220-7072-8194-9F03-DDF0E12CD253}"
EndProject
Global
	GlobalSection(SolutionConfigurationPlatforms) = preSolution
		Debug|Any CPU = Debug|Any CPU
		Release|Any CPU = Release|Any CPU
	EndGlobalSection
	GlobalSection(ProjectConfigurationPlatforms) = postSolution
		{A6FF3220-7072-8194-9F03-DDF0E12CD253}.Debug|Any CPU.ActiveCfg = Debug|Any CPU
		{A6FF3220-7072-8194-9F03-DDF0E12CD253}.Debug|Any CPU.Build.0 = Debug|Any CPU
		{A6FF3220-7072-8194-9F03-DDF0E12CD253}.Release|Any CPU.ActiveCfg = Release|Any CPU
		{A6FF3220-7072-8194-9F03-DDF0E12CD253}.Release|Any CPU.Build.0 = Release|Any CPU
	EndGlobalSection
	GlobalSection(SolutionProperties) = preSolution
		HideSolutionNode = FALSE
	EndGlobalSection
	GlobalSection(ExtensibilityGlobals) = postSolution
		SolutionGuid = {D22C581A-3E99-4C61-A779-F2758A16D37F}
	EndGlobalSection
EndGlobal
